
Microsoft Visual Studio Solution File, Format Version 12.00
# Visual Studio 2015
Project("{FAE04EC0-301F-11D3-BF4B-00C04F79EFBC}") = "Demo_v9.12.早晨版远程怪物 躲藏点", "Demo_v9.12.早晨版远程怪物 躲藏点.csproj", "{65299E49-E6CE-5092-77F6-CD4B86C1761D}"
EndProject
Project("{FAE04EC0-301F-11D3-BF4B-00C04F79EFBC}") = "Demo_v9.12.早晨版远程怪物 躲藏点.Editor", "Demo_v9.12.早晨版远程怪物 躲藏点.Editor.csproj", "{A52C2593-FCE6-E462-A144-20B767FE0E5C}"
EndProject
Global
	GlobalSection(SolutionConfigurationPlatforms) = preSolution
		Debug|Any CPU = Debug|Any CPU
		Release|Any CPU = Release|Any CPU
	EndGlobalSection
	GlobalSection(ProjectConfigurationPlatforms) = postSolution
		{65299E49-E6CE-5092-77F6-CD4B86C1761D}.Debug|Any CPU.ActiveCfg = Debug|Any CPU
		{65299E49-E6CE-5092-77F6-CD4B86C1761D}.Debug|Any CPU.Build.0 = Debug|Any CPU
		{65299E49-E6CE-5092-77F6-CD4B86C1761D}.Release|Any CPU.ActiveCfg = Release|Any CPU
		{65299E49-E6CE-5092-77F6-CD4B86C1761D}.Release|Any CPU.Build.0 = Release|Any CPU
		{A52C2593-FCE6-E462-A144-20B767FE0E5C}.Debug|Any CPU.ActiveCfg = Debug|Any CPU
		{A52C2593-FCE6-E462-A144-20B767FE0E5C}.Debug|Any CPU.Build.0 = Debug|Any CPU
		{A52C2593-FCE6-E462-A144-20B767FE0E5C}.Release|Any CPU.ActiveCfg = Release|Any CPU
		{A52C2593-FCE6-E462-A144-20B767FE0E5C}.Release|Any CPU.Build.0 = Release|Any CPU
	EndGlobalSection
	GlobalSection(SolutionProperties) = preSolution
		HideSolutionNode = FALSE
	EndGlobalSection
EndGlobal
